<Solution>
  <Folder Name="/src/">
    <Project Path="src/MdExplorer.App/MdExplorer.App.csproj" />
    <Project Path="src/MdExplorer.Core/MdExplorer.Core.csproj" />
    <Project Path="src/MdExplorer.Data/MdExplorer.Data.csproj" />
    <Project Path="src/MdExplorer.Graph/MdExplorer.Graph.csproj" />
    <Project Path="src/MdExplorer.Indexer/MdExplorer.Indexer.csproj" />
    <Project Path="src/MdExplorer.Parser/MdExplorer.Parser.csproj" />
    <Project Path="src/MdExplorer.Search/MdExplorer.Search.csproj" />
    <Project Path="src/MdExplorer.TagCloud/MdExplorer.TagCloud.csproj" />
    <Project Path="src/MdExplorer.Update/MdExplorer.Update.csproj" />
  </Folder>
  <Folder Name="/tests/">
    <Project Path="tests/MdExplorer.App.Tests/MdExplorer.App.Tests.csproj" />
    <Project Path="tests/MdExplorer.Core.Tests/MdExplorer.Core.Tests.csproj" />
    <Project Path="tests/MdExplorer.Data.Tests/MdExplorer.Data.Tests.csproj" />
    <Project Path="tests/MdExplorer.Graph.Tests/MdExplorer.Graph.Tests.csproj" />
    <Project Path="tests/MdExplorer.Indexer.Tests/MdExplorer.Indexer.Tests.csproj" />
    <Project Path="tests/MdExplorer.Parser.Tests/MdExplorer.Parser.Tests.csproj" />
    <Project Path="tests/MdExplorer.Search.Tests/MdExplorer.Search.Tests.csproj" />
    <Project Path="tests/MdExplorer.TagCloud.Tests/MdExplorer.TagCloud.Tests.csproj" />
    <Project Path="tests/MdExplorer.Update.Tests/MdExplorer.Update.Tests.csproj" />
  </Folder>
</Solution>
